
Microsoft Visual Studio Solution File, Format Version 12.00
# Visual Studio 15
VisualStudioVersion = 15.0.27428.2043
MinimumVisualStudioVersion = 10.0.40219.1
Project("{FAE04EC0-301F-11D3-BF4B-00C04F79EFBC}") = "LovNaZaklad-WebAPI", "LovNaZaklad-WebAPI\LovNaZaklad-WebAPI.csproj", "{172890E4-645A-44E6-A496-50A96634F42B}"
EndProject
Project("{FAE04EC0-301F-11D3-BF4B-00C04F79EFBC}") = "LovNaZaklad-WebAPI.Tests", "LovNaZaklad-WebAPI.Tests\LovNaZaklad-WebAPI.Tests.csproj", "{654BF9E2-8455-4ACD-9181-D084C8D3517C}"
EndProject
Global
	GlobalSection(SolutionConfigurationPlatforms) = preSolution
		Debug|Any CPU = Debug|Any CPU
		Release|Any CPU = Release|Any CPU
	EndGlobalSection
	GlobalSection(ProjectConfigurationPlatforms) = postSolution
		{172890E4-645A-44E6-A496-50A96634F42B}.Debug|Any CPU.ActiveCfg = Debug|Any CPU
		{172890E4-645A-44E6-A496-50A96634F42B}.Debug|Any CPU.Build.0 = Debug|Any CPU
		{172890E4-645A-44E6-A496-50A96634F42B}.Release|Any CPU.ActiveCfg = Release|Any CPU
		{172890E4-645A-44E6-A496-50A96634F42B}.Release|Any CPU.Build.0 = Release|Any CPU
		{654BF9E2-8455-4ACD-9181-D084C8D3517C}.Debug|Any CPU.ActiveCfg = Debug|Any CPU
		{654BF9E2-8455-4ACD-9181-D084C8D3517C}.Debug|Any CPU.Build.0 = Debug|Any CPU
		{654BF9E2-8455-4ACD-9181-D084C8D3517C}.Release|Any CPU.ActiveCfg = Release|Any CPU
		{654BF9E2-8455-4ACD-9181-D084C8D3517C}.Release|Any CPU.Build.0 = Release|Any CPU
	EndGlobalSection
	GlobalSection(SolutionProperties) = preSolution
		HideSolutionNode = FALSE
	EndGlobalSection
	GlobalSection(ExtensibilityGlobals) = postSolution
		SolutionGuid = {E9EF82EF-1DE1-40ED-B383-D6F73727C458}
	EndGlobalSection
EndGlobal
